github.com/advanced-go/stdlib v0.0.0-20240905102428-93f2725f4466 h1:SS/XRM5wgz6BlsWoXKwyhVEiCddesvIoAwN5PLP8LK0=
github.com/advanced-go/stdlib v0.0.0-20240905102428-93f2725f4466/go.mod h1:bvuWc7Tx57LArgrEvbPxKW4hvIYGS3pw7iG4P6xofoQ=
github.com/google/uuid v1.6.0 h1:NIvaJDMOsjHA8n1jAhLSgzrAzy1Hgr+hNrb57e+94F0=
github.com/google/uuid v1.6.0/go.mod h1:TIyPZe4MgqvfeYDBFedMoGGpEw/LqOeaOT+nhxU+yHo=
